
Microsoft Visual Studio Solution File, Format Version 12.00
# Visual Studio Version 17
VisualStudioVersion = 17.9.34723.18
MinimumVisualStudioVersion = 10.0.40219.1
Project("{FAE04EC0-301F-11D3-BF4B-00C04F79EFBC}") = "Supermarket", "Supermarket.csproj", "{38D6B622-44BA-4D9E-B4A8-637B5A1FFFB3}"
EndProject
Global
	GlobalSection(SolutionConfigurationPlatforms) = preSolution
		Debug|Any CPU = Debug|Any CPU
		Release|Any CPU = Release|Any CPU
	EndGlobalSection
	GlobalSection(ProjectConfigurationPlatforms) = postSolution
		{38D6B622-44BA-4D9E-B4A8-637B5A1FFFB3}.Debug|Any CPU.ActiveCfg = Debug|Any CPU
		{38D6B622-44BA-4D9E-B4A8-637B5A1FFFB3}.Debug|Any CPU.Build.0 = Debug|Any CPU
		{38D6B622-44BA-4D9E-B4A8-637B5A1FFFB3}.Release|Any CPU.ActiveCfg = Release|Any CPU
		{38D6B622-44BA-4D9E-B4A8-637B5A1FFFB3}.Release|Any CPU.Build.0 = Release|Any CPU
	EndGlobalSection
	GlobalSection(SolutionProperties) = preSolution
		HideSolutionNode = FALSE
	EndGlobalSection
	GlobalSection(ExtensibilityGlobals) = postSolution
		SolutionGuid = {921BF65F-ACFE-4692-A50F-FF2D0A3CAAFB}
	EndGlobalSection
EndGlobal
